github.com/mattn/go-sqlite3 v1.14.22 h1:2gZY6PC6kBnID23Tichd1K+Z0oS6nE/XwU+Vz/5o4kU=
github.com/mattn/go-sqlite3 v1.14.22/go.mod h1:Uh1q+B4BYcTPb+yiD3kU8Ct7aC0hY9fxUwlHK0RXw+Y=
github.com/rthornton128/goncurses v0.0.0-20231014161942-82671379df88 h1:bNvZ7P4l4rvg1O3qNDRJ4FNgKASMoG+V7OIpu4SIkgA=
github.com/rthornton128/goncurses v0.0.0-20231014161942-82671379df88/go.mod h1:AHlKFomPTwmO7H2vL8d7VNrQNQmhMi/DBhDnHRhjbCo=
